// !$*UTF8*$!
{
	archiveVersion = 1;
	classes = {
	};
	objectVersion = 50;
	objects = {

/* Begin PBXBuildFile section */
		4AF0360B24B4CB70002C9049 /* test-sound.wav in Resources */ = {isa = PBXBuildFile; fileRef = 4AF0360A24B4CB70002C9049 /* test-sound.wav */; };
		4AF0360C24B4CB78002C9049 /* test-sound.wav in Resources */ = {isa = PBXBuildFile; fileRef = 4AF0360A24B4CB70002C9049 /* test-sound.wav */; };
		4AF0361024B60876002C9049 /* drive-drums.wav in Resources */ = {isa = PBXBuildFile; fileRef = 4AF0360F24B60876002C9049 /* drive-drums.wav */; };
		4AF0361124B6087A002C9049 /* drive-drums.wav in Resources */ = {isa = PBXBuildFile; fileRef = 4AF0360F24B60876002C9049 /* drive-drums.wav */; };
		4AF0361324B620A6002C9049 /* drive-drums-pre-post-roll.wav in Resources */ = {isa = PBXBuildFile; fileRef = 4AF0361224B620A6002C9049 /* drive-drums-pre-post-roll.wav */; };
		4AF0361424B620B0002C9049 /* drive-drums-pre-post-roll.wav in Resources */ = {isa = PBXBuildFile; fileRef = 4AF0361224B620A6002C9049 /* drive-drums-pre-post-roll.wav */; };
		4AF11BD124BB08C60076E44E /* 30s-limit-test.wav in Resources */ = {isa = PBXBuildFile; fileRef = 4AF11BCE24BB08C50076E44E /* 30s-limit-test.wav */; };
		4AFDBEAD248FEC0E00976026 /* LofeltHaptics.framework in Frameworks */ = {isa = PBXBuildFile; fileRef = 6D2352142448A5B9003E437E /* LofeltHaptics.framework */; };
		6D2351EC2448A3A5003E437E /* AppDelegate.swift in Sources */ = {isa = PBXBuildFile; fileRef = 6D2351EB2448A3A5003E437E /* AppDelegate.swift */; };
		6D2351EE2448A3A5003E437E /* SceneDelegate.swift in Sources */ = {isa = PBXBuildFile; fileRef = 6D2351ED2448A3A5003E437E /* SceneDelegate.swift */; };
		6D2351F02448A3A5003E437E /* ContentView.swift in Sources */ = {isa = PBXBuildFile; fileRef = 6D2351EF2448A3A5003E437E /* ContentView.swift */; };
		6D2351F52448A3AF003E437E /* Preview Assets.xcassets in Resources */ = {isa = PBXBuildFile; fileRef = 6D2351F42448A3AF003E437E /* Preview Assets.xcassets */; };
		6D2351F82448A3AF003E437E /* LaunchScreen.storyboard in Resources */ = {isa = PBXBuildFile; fileRef = 6D2351F62448A3AF003E437E /* LaunchScreen.storyboard */; };
		6D2352032448A3AF003E437E /* LofeltHapticsTestAppTests.swift in Sources */ = {isa = PBXBuildFile; fileRef = 6D2352022448A3AF003E437E /* LofeltHapticsTestAppTests.swift */; };
		6D23521A2448A609003E437E /* LofeltHaptics.framework in Frameworks */ = {isa = PBXBuildFile; fileRef = 6D2352142448A5B9003E437E /* LofeltHaptics.framework */; };
		6D23521B2448A609003E437E /* LofeltHaptics.framework in Embed Frameworks */ = {isa = PBXBuildFile; fileRef = 6D2352142448A5B9003E437E /* LofeltHaptics.framework */; settings = {ATTRIBUTES = (CodeSignOnCopy, RemoveHeadersOnCopy, ); }; };
		6D4A666424E5CAFF00470844 /* Assets.xcassets in Resources */ = {isa = PBXBuildFile; fileRef = 6D4A666324E5CAFF00470844 /* Assets.xcassets */; };
/* End PBXBuildFile section */

/* Begin PBXContainerItemProxy section */
		4AFDBEAB248FE92600976026 /* PBXContainerItemProxy */ = {
			isa = PBXContainerItemProxy;
			containerPortal = 6D23520E2448A5B9003E437E /* LofeltHaptics.xcodeproj */;
			proxyType = 2;
			remoteGlobalIDString = 4AFDBE94248FC3A500976026;
			remoteInfo = LofeltHapticsTestsMacOS;
		};
		6D2351FF2448A3AF003E437E /* PBXContainerItemProxy */ = {
			isa = PBXContainerItemProxy;
			containerPortal = 6D2351E02448A3A5003E437E /* Project object */;
			proxyType = 1;
			remoteGlobalIDString = 6D2351E72448A3A5003E437E;
			remoteInfo = LofeltHapticsTestApp;
		};
		6D2352132448A5B9003E437E /* PBXContainerItemProxy */ = {
			isa = PBXContainerItemProxy;
			containerPortal = 6D23520E2448A5B9003E437E /* LofeltHaptics.xcodeproj */;
			proxyType = 2;
			remoteGlobalIDString = 6D1CD1BB2412D6940078F5BF;
			remoteInfo = LofeltHaptics;
		};
/* End PBXContainerItemProxy section */

/* Begin PBXCopyFilesBuildPhase section */
		6D23521C2448A609003E437E /* Embed Frameworks */ = {
			isa = PBXCopyFilesBuildPhase;
			buildActionMask = 2147483647;
			dstPath = "";
			dstSubfolderSpec = 10;
			files = (
				6D23521B2448A609003E437E /* LofeltHaptics.framework in Embed Frameworks */,
			);
			name = "Embed Frameworks";
			runOnlyForDeploymentPostprocessing = 0;
		};
/* End PBXCopyFilesBuildPhase section */

/* Begin PBXFileReference section */
		4AF0360A24B4CB70002C9049 /* test-sound.wav */ = {isa = PBXFileReference; lastKnownFileType = audio.wav; path = "test-sound.wav"; sourceTree = "<group>"; };
		4AF0360F24B60876002C9049 /* drive-drums.wav */ = {isa = PBXFileReference; lastKnownFileType = audio.wav; path = "drive-drums.wav"; sourceTree = "<group>"; };
		4AF0361224B620A6002C9049 /* drive-drums-pre-post-roll.wav */ = {isa = PBXFileReference; lastKnownFileType = audio.wav; path = "drive-drums-pre-post-roll.wav"; sourceTree = "<group>"; };
		4AF11BCE24BB08C50076E44E /* 30s-limit-test.wav */ = {isa = PBXFileReference; lastKnownFileType = audio.wav; path = "30s-limit-test.wav"; sourceTree = "<group>"; };
		6D2351E82448A3A5003E437E /* LofeltHapticsTestApp.app */ = {isa = PBXFileReference; explicitFileType = wrapper.application; includeInIndex = 0; path = LofeltHapticsTestApp.app; sourceTree = BUILT_PRODUCTS_DIR; };
		6D2351EB2448A3A5003E437E /* AppDelegate.swift */ = {isa = PBXFileReference; lastKnownFileType = sourcecode.swift; path = AppDelegate.swift; sourceTree = "<group>"; };
		6D2351ED2448A3A5003E437E /* SceneDelegate.swift */ = {isa = PBXFileReference; lastKnownFileType = sourcecode.swift; path = SceneDelegate.swift; sourceTree = "<group>"; };
		6D2351EF2448A3A5003E437E /* ContentView.swift */ = {isa = PBXFileReference; lastKnownFileType = sourcecode.swift; path = ContentView.swift; sourceTree = "<group>"; };
		6D2351F42448A3AF003E437E /* Preview Assets.xcassets */ = {isa = PBXFileReference; lastKnownFileType = folder.assetcatalog; path = "Preview Assets.xcassets"; sourceTree = "<group>"; };
		6D2351F72448A3AF003E437E /* Base */ = {isa = PBXFileReference; lastKnownFileType = file.storyboard; name = Base; path = Base.lproj/LaunchScreen.storyboard; sourceTree = "<group>"; };
		6D2351F92448A3AF003E437E /* Info.plist */ = {isa = PBXFileReference; lastKnownFileType = text.plist.xml; path = Info.plist; sourceTree = "<group>"; };
		6D2351FE2448A3AF003E437E /* LofeltHapticsTestAppTests.xctest */ = {isa = PBXFileReference; explicitFileType = wrapper.cfbundle; includeInIndex = 0; path = LofeltHapticsTestAppTests.xctest; sourceTree = BUILT_PRODUCTS_DIR; };
		6D2352022448A3AF003E437E /* LofeltHapticsTestAppTests.swift */ = {isa = PBXFileReference; lastKnownFileType = sourcecode.swift; path = LofeltHapticsTestAppTests.swift; sourceTree = "<group>"; };
		6D2352042448A3AF003E437E /* Info.plist */ = {isa = PBXFileReference; lastKnownFileType = text.plist.xml; path = Info.plist; sourceTree = "<group>"; };
		6D23520E2448A5B9003E437E /* LofeltHaptics.xcodeproj */ = {isa = PBXFileReference; lastKnownFileType = "wrapper.pb-project"; name = LofeltHaptics.xcodeproj; path = ../LofeltHaptics/LofeltHaptics.xcodeproj; sourceTree = "<group>"; };
		6D4A666324E5CAFF00470844 /* Assets.xcassets */ = {isa = PBXFileReference; lastKnownFileType = folder.assetcatalog; path = Assets.xcassets; sourceTree = "<group>"; };
/* End PBXFileReference section */

/* Begin PBXFrameworksBuildPhase section */
		6D2351E52448A3A5003E437E /* Frameworks */ = {
			isa = PBXFrameworksBuildPhase;
			buildActionMask = 2147483647;
			files = (
				6D23521A2448A609003E437E /* LofeltHaptics.framework in Frameworks */,
			);
			runOnlyForDeploymentPostprocessing = 0;
		};
		6D2351FB2448A3AF003E437E /* Frameworks */ = {
			isa = PBXFrameworksBuildPhase;
			buildActionMask = 2147483647;
			files = (
				4AFDBEAD248FEC0E00976026 /* LofeltHaptics.framework in Frameworks */,
			);
			runOnlyForDeploymentPostprocessing = 0;
		};
/* End PBXFrameworksBuildPhase section */

/* Begin PBXGroup section */
		4AF0360924B4CB70002C9049 /* Resources */ = {
			isa = PBXGroup;
			children = (
				4AF11BCE24BB08C50076E44E /* 30s-limit-test.wav */,
				4AF0360A24B4CB70002C9049 /* test-sound.wav */,
				4AF0360F24B60876002C9049 /* drive-drums.wav */,
				4AF0361224B620A6002C9049 /* drive-drums-pre-post-roll.wav */,
			);
			path = Resources;
			sourceTree = "<group>";
		};
		4AFDBEBD2490C23300976026 /* Recovered References */ = {
			isa = PBXGroup;
			children = (
			);
			name = "Recovered References";
			sourceTree = "<group>";
		};
		6D2351DF2448A3A5003E437E = {
			isa = PBXGroup;
			children = (
				4AF0360924B4CB70002C9049 /* Resources */,
				6D2351EA2448A3A5003E437E /* LofeltHapticsTestApp */,
				6D2352012448A3AF003E437E /* LofeltHapticsTestAppTests */,
				6D2351E92448A3A5003E437E /* Products */,
				6D23520D2448A5B9003E437E /* Frameworks */,
				4AFDBEBD2490C23300976026 /* Recovered References */,
			);
			sourceTree = "<group>";
		};
		6D2351E92448A3A5003E437E /* Products */ = {
			isa = PBXGroup;
			children = (
				6D2351E82448A3A5003E437E /* LofeltHapticsTestApp.app */,
				6D2351FE2448A3AF003E437E /* LofeltHapticsTestAppTests.xctest */,
			);
			name = Products;
			sourceTree = "<group>";
		};
		6D2351EA2448A3A5003E437E /* LofeltHapticsTestApp */ = {
			isa = PBXGroup;
			children = (
				6D2351EB2448A3A5003E437E /* AppDelegate.swift */,
				6D2351ED2448A3A5003E437E /* SceneDelegate.swift */,
				6D4A666324E5CAFF00470844 /* Assets.xcassets */,
				6D2351EF2448A3A5003E437E /* ContentView.swift */,
				6D2351F62448A3AF003E437E /* LaunchScreen.storyboard */,
				6D2351F92448A3AF003E437E /* Info.plist */,
				6D2351F32448A3AF003E437E /* Preview Content */,
			);
			path = LofeltHapticsTestApp;
			sourceTree = "<group>";
		};
		6D2351F32448A3AF003E437E /* Preview Content */ = {
			isa = PBXGroup;
			children = (
				6D2351F42448A3AF003E437E /* Preview Assets.xcassets */,
			);
			path = "Preview Content";
			sourceTree = "<group>";
		};
		6D2352012448A3AF003E437E /* LofeltHapticsTestAppTests */ = {
			isa = PBXGroup;
			children = (
				6D2352022448A3AF003E437E /* LofeltHapticsTestAppTests.swift */,
				6D2352042448A3AF003E437E /* Info.plist */,
			);
			path = LofeltHapticsTestAppTests;
			sourceTree = "<group>";
		};
		6D23520D2448A5B9003E437E /* Frameworks */ = {
			isa = PBXGroup;
			children = (
				6D23520E2448A5B9003E437E /* LofeltHaptics.xcodeproj */,
			);
			name = Frameworks;
			sourceTree = "<group>";
		};
		6D23520F2448A5B9003E437E /* Products */ = {
			isa = PBXGroup;
			children = (
				6D2352142448A5B9003E437E /* LofeltHaptics.framework */,
				4AFDBEAC248FE92600976026 /* LofeltHapticsTestsMacOS.xctest */,
			);
			name = Products;
			sourceTree = "<group>";
		};
/* End PBXGroup section */

/* Begin PBXNativeTarget section */
		6D2351E72448A3A5003E437E /* LofeltHapticsTestApp */ = {
			isa = PBXNativeTarget;
			buildConfigurationList = 6D2352072448A3AF003E437E /* Build configuration list for PBXNativeTarget "LofeltHapticsTestApp" */;
			buildPhases = (
				6D2351E42448A3A5003E437E /* Sources */,
				6D2351E52448A3A5003E437E /* Frameworks */,
				6D2351E62448A3A5003E437E /* Resources */,
				6D23521C2448A609003E437E /* Embed Frameworks */,
			);
			buildRules = (
			);
			dependencies = (
			);
			name = LofeltHapticsTestApp;
			productName = LofeltHapticsTestApp;
			productReference = 6D2351E82448A3A5003E437E /* LofeltHapticsTestApp.app */;
			productType = "com.apple.product-type.application";
		};
		6D2351FD2448A3AF003E437E /* LofeltHapticsTestAppTests */ = {
			isa = PBXNativeTarget;
			buildConfigurationList = 6D23520A2448A3AF003E437E /* Build configuration list for PBXNativeTarget "LofeltHapticsTestAppTests" */;
			buildPhases = (
				6D2351FA2448A3AF003E437E /* Sources */,
				6D2351FB2448A3AF003E437E /* Frameworks */,
				6D2351FC2448A3AF003E437E /* Resources */,
			);
			buildRules = (
			);
			dependencies = (
				6D2352002448A3AF003E437E /* PBXTargetDependency */,
			);
			name = LofeltHapticsTestAppTests;
			productName = LofeltHapticsTestAppTests;
			productReference = 6D2351FE2448A3AF003E437E /* LofeltHapticsTestAppTests.xctest */;
			productType = "com.apple.product-type.bundle.unit-test";
		};
/* End PBXNativeTarget section */

/* Begin PBXProject section */
		6D2351E02448A3A5003E437E /* Project object */ = {
			isa = PBXProject;
			attributes = {
				LastSwiftUpdateCheck = 1130;
				LastUpgradeCheck = 1130;
				ORGANIZATIONNAME = Lofelt;
				TargetAttributes = {
					6D2351E72448A3A5003E437E = {
						CreatedOnToolsVersion = 11.3.1;
					};
					6D2351FD2448A3AF003E437E = {
						CreatedOnToolsVersion = 11.3.1;
						LastSwiftMigration = 1150;
						TestTargetID = 6D2351E72448A3A5003E437E;
					};
				};
			};
			buildConfigurationList = 6D2351E32448A3A5003E437E /* Build configuration list for PBXProject "LofeltHapticsTestApp" */;
			compatibilityVersion = "Xcode 9.3";
			developmentRegion = en;
			hasScannedForEncodings = 0;
			knownRegions = (
				en,
				Base,
			);
			mainGroup = 6D2351DF2448A3A5003E437E;
			productRefGroup = 6D2351E92448A3A5003E437E /* Products */;
			projectDirPath = "";
			projectReferences = (
				{
					ProductGroup = 6D23520F2448A5B9003E437E /* Products */;
					ProjectRef = 6D23520E2448A5B9003E437E /* LofeltHaptics.xcodeproj */;
				},
			);
			projectRoot = "";
			targets = (
				6D2351E72448A3A5003E437E /* LofeltHapticsTestApp */,
				6D2351FD2448A3AF003E437E /* LofeltHapticsTestAppTests */,
			);
		};
/* End PBXProject section */

/* Begin PBXReferenceProxy section */
		4AFDBEAC248FE92600976026 /* LofeltHapticsTestsMacOS.xctest */ = {
			isa = PBXReferenceProxy;
			fileType = wrapper.cfbundle;
			path = LofeltHapticsTestsMacOS.xctest;
			remoteRef = 4AFDBEAB248FE92600976026 /* PBXContainerItemProxy */;
			sourceTree = BUILT_PRODUCTS_DIR;
		};
		6D2352142448A5B9003E437E /* LofeltHaptics.framework */ = {
			isa = PBXReferenceProxy;
			fileType = wrapper.framework;
			path = LofeltHaptics.framework;
			remoteRef = 6D2352132448A5B9003E437E /* PBXContainerItemProxy */;
			sourceTree = BUILT_PRODUCTS_DIR;
		};
/* End PBXReferenceProxy section */

/* Begin PBXResourcesBuildPhase section */
		6D2351E62448A3A5003E437E /* Resources */ = {
			isa = PBXResourcesBuildPhase;
			buildActionMask = 2147483647;
			files = (
				4AF0361324B620A6002C9049 /* drive-drums-pre-post-roll.wav in Resources */,
				4AF0360B24B4CB70002C9049 /* test-sound.wav in Resources */,
				4AF11BD124BB08C60076E44E /* 30s-limit-test.wav in Resources */,
				4AF0361024B60876002C9049 /* drive-drums.wav in Resources */,
				6D4A666424E5CAFF00470844 /* Assets.xcassets in Resources */,
				6D2351F82448A3AF003E437E /* LaunchScreen.storyboard in Resources */,
				6D2351F52448A3AF003E437E /* Preview Assets.xcassets in Resources */,
			);
			runOnlyForDeploymentPostprocessing = 0;
		};
		6D2351FC2448A3AF003E437E /* Resources */ = {
			isa = PBXResourcesBuildPhase;
			buildActionMask = 2147483647;
			files = (
				4AF0360C24B4CB78002C9049 /* test-sound.wav in Resources */,
				4AF0361124B6087A002C9049 /* drive-drums.wav in Resources */,
				4AF0361424B620B0002C9049 /* drive-drums-pre-post-roll.wav in Resources */,
			);
			runOnlyForDeploymentPostprocessing = 0;
		};
/* End PBXResourcesBuildPhase section */

/* Begin PBXSourcesBuildPhase section */
		6D2351E42448A3A5003E437E /* Sources */ = {
			isa = PBXSourcesBuildPhase;
			buildActionMask = 2147483647;
			files = (
				6D2351EC2448A3A5003E437E /* AppDelegate.swift in Sources */,
				6D2351EE2448A3A5003E437E /* SceneDelegate.swift in Sources */,
				6D2351F02448A3A5003E437E /* ContentView.swift in Sources */,
			);
			runOnlyForDeploymentPostprocessing = 0;
		};
		6D2351FA2448A3AF003E437E /* Sources */ = {
			isa = PBXSourcesBuildPhase;
			buildActionMask = 2147483647;
			files = (
				6D2352032448A3AF003E437E /* LofeltHapticsTestAppTests.swift in Sources */,
			);
			runOnlyForDeploymentPostprocessing = 0;
		};
/* End PBXSourcesBuildPhase section */

/* Begin PBXTargetDependency section */
		6D2352002448A3AF003E437E /* PBXTargetDependency */ = {
			isa = PBXTargetDependency;
			target = 6D2351E72448A3A5003E437E /* LofeltHapticsTestApp */;
			targetProxy = 6D2351FF2448A3AF003E437E /* PBXContainerItemProxy */;
		};
/* End PBXTargetDependency section */

/* Begin PBXVariantGroup section */
		6D2351F62448A3AF003E437E /* LaunchScreen.storyboard */ = {
			isa = PBXVariantGroup;
			children = (
				6D2351F72448A3AF003E437E /* Base */,
			);
			name = LaunchScreen.storyboard;
			sourceTree = "<group>";
		};
/* End PBXVariantGroup section */

/* Begin XCBuildConfiguration section */
		6D2352052448A3AF003E437E /* Debug */ = {
			isa = XCBuildConfiguration;
			buildSettings = {
				ALWAYS_SEARCH_USER_PATHS = NO;
				CLANG_ANALYZER_NONNULL = YES;
				CLANG_ANALYZER_NUMBER_OBJECT_CONVERSION = YES_AGGRESSIVE;
				CLANG_CXX_LANGUAGE_STANDARD = "gnu++14";
				CLANG_CXX_LIBRARY = "libc++";
				CLANG_ENABLE_MODULES = YES;
				CLANG_ENABLE_OBJC_ARC = YES;
				CLANG_ENABLE_OBJC_WEAK = YES;
				CLANG_WARN_BLOCK_CAPTURE_AUTORELEASING = YES;
				CLANG_WARN_BOOL_CONVERSION = YES;
				CLANG_WARN_COMMA = YES;
				CLANG_WARN_CONSTANT_CONVERSION = YES;
				CLANG_WARN_DEPRECATED_OBJC_IMPLEMENTATIONS = YES;
				CLANG_WARN_DIRECT_OBJC_ISA_USAGE = YES_ERROR;
				CLANG_WARN_DOCUMENTATION_COMMENTS = YES;
				CLANG_WARN_EMPTY_BODY = YES;
				CLANG_WARN_ENUM_CONVERSION = YES;
				CLANG_WARN_INFINITE_RECURSION = YES;
				CLANG_WARN_INT_CONVERSION = YES;
				CLANG_WARN_NON_LITERAL_NULL_CONVERSION = YES;
				CLANG_WARN_OBJC_IMPLICIT_RETAIN_SELF = YES;
				CLANG_WARN_OBJC_LITERAL_CONVERSION = YES;
				CLANG_WARN_OBJC_ROOT_CLASS = YES_ERROR;
				CLANG_WARN_RANGE_LOOP_ANALYSIS = YES;
				CLANG_WARN_STRICT_PROTOTYPES = YES;
				CLANG_WARN_SUSPICIOUS_MOVE = YES;
				CLANG_WARN_UNGUARDED_AVAILABILITY = YES_AGGRESSIVE;
				CLANG_WARN_UNREACHABLE_CODE = YES;
				CLANG_WARN__DUPLICATE_METHOD_MATCH = YES;
				COPY_PHASE_STRIP = NO;
				DEBUG_INFORMATION_FORMAT = dwarf;
				ENABLE_STRICT_OBJC_MSGSEND = YES;
				ENABLE_TESTABILITY = YES;
				GCC_C_LANGUAGE_STANDARD = gnu11;
				GCC_DYNAMIC_NO_PIC = NO;
				GCC_NO_COMMON_BLOCKS = YES;
				GCC_OPTIMIZATION_LEVEL = 0;
				GCC_PREPROCESSOR_DEFINITIONS = (
					"DEBUG=1",
					"$(inherited)",
				);
				GCC_WARN_64_TO_32_BIT_CONVERSION = YES;
				GCC_WARN_ABOUT_RETURN_TYPE = YES_ERROR;
				GCC_WARN_UNDECLARED_SELECTOR = YES;
				GCC_WARN_UNINITIALIZED_AUTOS = YES_AGGRESSIVE;
				GCC_WARN_UNUSED_FUNCTION = YES;
				GCC_WARN_UNUSED_VARIABLE = YES;
				IPHONEOS_DEPLOYMENT_TARGET = 13.2;
				MTL_ENABLE_DEBUG_INFO = INCLUDE_SOURCE;
				MTL_FAST_MATH = YES;
				ONLY_ACTIVE_ARCH = YES;
				SDKROOT = iphoneos;
				SWIFT_ACTIVE_COMPILATION_CONDITIONS = DEBUG;
				SWIFT_OPTIMIZATION_LEVEL = "-Onone";
			};
			name = Debug;
		};
		6D2352062448A3AF003E437E /* Release */ = {
			isa = XCBuildConfiguration;
			buildSettings = {
				ALWAYS_SEARCH_USER_PATHS = NO;
				CLANG_ANALYZER_NONNULL = YES;
				CLANG_ANALYZER_NUMBER_OBJECT_CONVERSION = YES_AGGRESSIVE;
				CLANG_CXX_LANGUAGE_STANDARD = "gnu++14";
				CLANG_CXX_LIBRARY = "libc++";
				CLANG_ENABLE_MODULES = YES;
				CLANG_ENABLE_OBJC_ARC = YES;
				CLANG_ENABLE_OBJC_WEAK = YES;
				CLANG_WARN_BLOCK_CAPTURE_AUTORELEASING = YES;
				CLANG_WARN_BOOL_CONVERSION = YES;
				CLANG_WARN_COMMA = YES;
				CLANG_WARN_CONSTANT_CONVERSION = YES;
				CLANG_WARN_DEPRECATED_OBJC_IMPLEMENTATIONS = YES;
				CLANG_WARN_DIRECT_OBJC_ISA_USAGE = YES_ERROR;
				CLANG_WARN_DOCUMENTATION_COMMENTS = YES;
				CLANG_WARN_EMPTY_BODY = YES;
				CLANG_WARN_ENUM_CONVERSION = YES;
				CLANG_WARN_INFINITE_RECURSION = YES;
				CLANG_WARN_INT_CONVERSION = YES;
				CLANG_WARN_NON_LITERAL_NULL_CONVERSION = YES;
				CLANG_WARN_OBJC_IMPLICIT_RETAIN_SELF = YES;
				CLANG_WARN_OBJC_LITERAL_CONVERSION = YES;
				CLANG_WARN_OBJC_ROOT_CLASS = YES_ERROR;
				CLANG_WARN_RANGE_LOOP_ANALYSIS = YES;
				CLANG_WARN_STRICT_PROTOTYPES = YES;
				CLANG_WARN_SUSPICIOUS_MOVE = YES;
				CLANG_WARN_UNGUARDED_AVAILABILITY = YES_AGGRESSIVE;
				CLANG_WARN_UNREACHABLE_CODE = YES;
				CLANG_WARN__DUPLICATE_METHOD_MATCH = YES;
				COPY_PHASE_STRIP = NO;
				DEBUG_INFORMATION_FORMAT = "dwarf-with-dsym";
				ENABLE_NS_ASSERTIONS = NO;
				ENABLE_STRICT_OBJC_MSGSEND = YES;
				GCC_C_LANGUAGE_STANDARD = gnu11;
				GCC_NO_COMMON_BLOCKS = YES;
				GCC_WARN_64_TO_32_BIT_CONVERSION = YES;
				GCC_WARN_ABOUT_RETURN_TYPE = YES_ERROR;
				GCC_WARN_UNDECLARED_SELECTOR = YES;
				GCC_WARN_UNINITIALIZED_AUTOS = YES_AGGRESSIVE;
				GCC_WARN_UNUSED_FUNCTION = YES;
				GCC_WARN_UNUSED_VARIABLE = YES;
				IPHONEOS_DEPLOYMENT_TARGET = 13.2;
				MTL_ENABLE_DEBUG_INFO = NO;
				MTL_FAST_MATH = YES;
				SDKROOT = iphoneos;
				SWIFT_COMPILATION_MODE = wholemodule;
				SWIFT_OPTIMIZATION_LEVEL = "-O";
				VALIDATE_PRODUCT = YES;
			};
			name = Release;
		};
		6D2352082448A3AF003E437E /* Debug */ = {
			isa = XCBuildConfiguration;
			buildSettings = {
				ASSETCATALOG_COMPILER_APPICON_NAME = AppIcon;
				CODE_SIGN_STYLE = Automatic;
				DEVELOPMENT_ASSET_PATHS = "\"LofeltHapticsTestApp/Preview Content\"";
				DEVELOPMENT_TEAM = 9Q4R2TA9L4;
				ENABLE_BITCODE = NO;
				ENABLE_PREVIEWS = YES;
				HEADER_SEARCH_PATHS = (
					"$(PROJECT_DIR)/../../../core/api",
					"\"$(SRCROOT)/../LofeltHaptics/LofeltHaptics\"/**",
				);
				INFOPLIST_FILE = LofeltHapticsTestApp/Info.plist;
				LD_RUNPATH_SEARCH_PATHS = (
					"$(inherited)",
					"@executable_path/Frameworks",
				);
				PRODUCT_BUNDLE_IDENTIFIER = com.lofelt.LofeltHapticsTestApp;
				PRODUCT_NAME = "$(TARGET_NAME)";
				SWIFT_OBJC_BRIDGING_HEADER = "";
				SWIFT_PRECOMPILE_BRIDGING_HEADER = NO;
				SWIFT_VERSION = 5.0;
				TARGETED_DEVICE_FAMILY = "1,2";
			};
			name = Debug;
		};
		6D2352092448A3AF003E437E /* Release */ = {
			isa = XCBuildConfiguration;
			buildSettings = {
				ASSETCATALOG_COMPILER_APPICON_NAME = AppIcon;
				CODE_SIGN_STYLE = Automatic;
				DEVELOPMENT_ASSET_PATHS = "\"LofeltHapticsTestApp/Preview Content\"";
				DEVELOPMENT_TEAM = 9Q4R2TA9L4;
				ENABLE_BITCODE = NO;
				ENABLE_PREVIEWS = YES;
				HEADER_SEARCH_PATHS = (
					"$(PROJECT_DIR)/../../../core/api",
					"\"$(SRCROOT)/../LofeltHaptics/LofeltHaptics\"/**",
				);
				INFOPLIST_FILE = LofeltHapticsTestApp/Info.plist;
				LD_RUNPATH_SEARCH_PATHS = (
					"$(inherited)",
					"@executable_path/Frameworks",
				);
				PRODUCT_BUNDLE_IDENTIFIER = com.lofelt.LofeltHapticsTestApp;
				PRODUCT_NAME = "$(TARGET_NAME)";
				SWIFT_OBJC_BRIDGING_HEADER = "";
				SWIFT_PRECOMPILE_BRIDGING_HEADER = NO;
				SWIFT_VERSION = 5.0;
				TARGETED_DEVICE_FAMILY = "1,2";
			};
			name = Release;
		};
		6D23520B2448A3AF003E437E /* Debug */ = {
			isa = XCBuildConfiguration;
			buildSettings = {
				ALWAYS_EMBED_SWIFT_STANDARD_LIBRARIES = YES;
				BUNDLE_LOADER = "$(TEST_HOST)";
				CLANG_ENABLE_MODULES = YES;
				CODE_SIGN_STYLE = Automatic;
				DEVELOPMENT_TEAM = 9Q4R2TA9L4;
				INFOPLIST_FILE = LofeltHapticsTestAppTests/Info.plist;
				IPHONEOS_DEPLOYMENT_TARGET = 13.2;
				LD_RUNPATH_SEARCH_PATHS = (
					"$(inherited)",
					"@executable_path/Frameworks",
					"@loader_path/Frameworks",
				);
				PRODUCT_BUNDLE_IDENTIFIER = com.lofelt.LofeltHapticsTestAppTests;
				PRODUCT_NAME = "$(TARGET_NAME)";
				SWIFT_OPTIMIZATION_LEVEL = "-Onone";
				SWIFT_VERSION = 5.0;
				TARGETED_DEVICE_FAMILY = "1,2";
				TEST_HOST = "$(BUILT_PRODUCTS_DIR)/LofeltHapticsTestApp.app/LofeltHapticsTestApp";
			};
			name = Debug;
		};
		6D23520C2448A3AF003E437E /* Release */ = {
			isa = XCBuildConfiguration;
			buildSettings = {
				ALWAYS_EMBED_SWIFT_STANDARD_LIBRARIES = YES;
				BUNDLE_LOADER = "$(TEST_HOST)";
				CLANG_ENABLE_MODULES = YES;
				CODE_SIGN_STYLE = Automatic;
				DEVELOPMENT_TEAM = 9Q4R2TA9L4;
				INFOPLIST_FILE = LofeltHapticsTestAppTests/Info.plist;
				IPHONEOS_DEPLOYMENT_TARGET = 13.2;
				LD_RUNPATH_SEARCH_PATHS = (
					"$(inherited)",
					"@executable_path/Frameworks",
					"@loader_path/Frameworks",
				);
				PRODUCT_BUNDLE_IDENTIFIER = com.lofelt.LofeltHapticsTestAppTests;
				PRODUCT_NAME = "$(TARGET_NAME)";
				SWIFT_VERSION = 5.0;
				TARGETED_DEVICE_FAMILY = "1,2";
				TEST_HOST = "$(BUILT_PRODUCTS_DIR)/LofeltHapticsTestApp.app/LofeltHapticsTestApp";
			};
			name = Release;
		};
/* End XCBuildConfiguration section */

/* Begin XCConfigurationList section */
		6D2351E32448A3A5003E437E /* Build configuration list for PBXProject "LofeltHapticsTestApp" */ = {
			isa = XCConfigurationList;
			buildConfigurations = (
				6D2352052448A3AF003E437E /* Debug */,
				6D2352062448A3AF003E437E /* Release */,
			);
			defaultConfigurationIsVisible = 0;
			defaultConfigurationName = Release;
		};
		6D2352072448A3AF003E437E /* Build configuration list for PBXNativeTarget "LofeltHapticsTestApp" */ = {
			isa = XCConfigurationList;
			buildConfigurations = (
				6D2352082448A3AF003E437E /* Debug */,
				6D2352092448A3AF003E437E /* Release */,
			);
			defaultConfigurationIsVisible = 0;
			defaultConfigurationName = Release;
		};
		6D23520A2448A3AF003E437E /* Build configuration list for PBXNativeTarget "LofeltHapticsTestAppTests" */ = {
			isa = XCConfigurationList;
			buildConfigurations = (
				6D23520B2448A3AF003E437E /* Debug */,
				6D23520C2448A3AF003E437E /* Release */,
			);
			defaultConfigurationIsVisible = 0;
			defaultConfigurationName = Release;
		};
/* End XCConfigurationList section */
	};
	rootObject = 6D2351E02448A3A5003E437E /* Project object */;
}
